
Microsoft Visual Studio Solution File, Format Version 12.00
# Visual Studio Version 16
VisualStudioVersion = 16.0.31129.286
MinimumVisualStudioVersion = 10.0.40219.1
Project("{8BC9CEB8-8B4A-11D0-8D11-00A0C91BC942}") = "libWindowGraphicCapture", "libWindowGraphicCapture.vcxproj", "{427BA580-B08F-483D-A8BF-F316B5554964}"
EndProject
Global
	GlobalSection(SolutionConfigurationPlatforms) = preSolution
		Debug|x64 = Debug|x64
		Debug|x86 = Debug|x86
		Release|x64 = Release|x64
		Release|x86 = Release|x86
		Unreal_Debug|x64 = Unreal_Debug|x64
		Unreal_Debug|x86 = Unreal_Debug|x86
		Unreal_Release|x64 = Unreal_Release|x64
		Unreal_Release|x86 = Unreal_Release|x86
	EndGlobalSection
	GlobalSection(ProjectConfigurationPlatforms) = postSolution
		{427BA580-B08F-483D-A8BF-F316B5554964}.Debug|x64.ActiveCfg = Unity_Debug|x64
		{427BA580-B08F-483D-A8BF-F316B5554964}.Debug|x64.Build.0 = Unity_Debug|x64
		{427BA580-B08F-483D-A8BF-F316B5554964}.Debug|x86.ActiveCfg = Unity_Debug|Win32
		{427BA580-B08F-483D-A8BF-F316B5554964}.Debug|x86.Build.0 = Unity_Debug|Win32
		{427BA580-B08F-483D-A8BF-F316B5554964}.Release|x64.ActiveCfg = Unity_Release|x64
		{427BA580-B08F-483D-A8BF-F316B5554964}.Release|x64.Build.0 = Unity_Release|x64
		{427BA580-B08F-483D-A8BF-F316B5554964}.Release|x86.ActiveCfg = Unity_Release|Win32
		{427BA580-B08F-483D-A8BF-F316B5554964}.Release|x86.Build.0 = Unity_Release|Win32
		{427BA580-B08F-483D-A8BF-F316B5554964}.Unreal_Debug|x64.ActiveCfg = Unreal_Debug|x64
		{427BA580-B08F-483D-A8BF-F316B5554964}.Unreal_Debug|x64.Build.0 = Unreal_Debug|x64
		{427BA580-B08F-483D-A8BF-F316B5554964}.Unreal_Debug|x86.ActiveCfg = Unreal_Debug|Win32
		{427BA580-B08F-483D-A8BF-F316B5554964}.Unreal_Debug|x86.Build.0 = Unreal_Debug|Win32
		{427BA580-B08F-483D-A8BF-F316B5554964}.Unreal_Release|x64.ActiveCfg = Unreal_Release|x64
		{427BA580-B08F-483D-A8BF-F316B5554964}.Unreal_Release|x64.Build.0 = Unreal_Release|x64
		{427BA580-B08F-483D-A8BF-F316B5554964}.Unreal_Release|x86.ActiveCfg = Unreal_Release|Win32
		{427BA580-B08F-483D-A8BF-F316B5554964}.Unreal_Release|x86.Build.0 = Unreal_Release|Win32
	EndGlobalSection
	GlobalSection(SolutionProperties) = preSolution
		HideSolutionNode = FALSE
	EndGlobalSection
	GlobalSection(ExtensibilityGlobals) = postSolution
		SolutionGuid = {E7F82FDE-164C-4F97-8A1F-2EB9B9FA07D0}
	EndGlobalSection
EndGlobal
